
Microsoft Visual Studio Solution File, Format Version 12.00
# Visual Studio 15
VisualStudioVersion = 15.0.28307.106
MinimumVisualStudioVersion = 10.0.40219.1
Project("{FAE04EC0-301F-11D3-BF4B-00C04F79EFBC}") = "webjobsample", "webjobsample.csproj", "{BA990375-10FF-496C-A1E0-E8EEA00026CE}"
EndProject
Global
	GlobalSection(SolutionConfigurationPlatforms) = preSolution
		Debug|Any CPU = Debug|Any CPU
		Release|Any CPU = Release|Any CPU
	EndGlobalSection
	GlobalSection(ProjectConfigurationPlatforms) = postSolution
		{BA990375-10FF-496C-A1E0-E8EEA00026CE}.Debug|Any CPU.ActiveCfg = Debug|Any CPU
		{BA990375-10FF-496C-A1E0-E8EEA00026CE}.Debug|Any CPU.Build.0 = Debug|Any CPU
		{BA990375-10FF-496C-A1E0-E8EEA00026CE}.Release|Any CPU.ActiveCfg = Release|Any CPU
		{BA990375-10FF-496C-A1E0-E8EEA00026CE}.Release|Any CPU.Build.0 = Release|Any CPU
	EndGlobalSection
	GlobalSection(SolutionProperties) = preSolution
		HideSolutionNode = FALSE
	EndGlobalSection
	GlobalSection(ExtensibilityGlobals) = postSolution
		SolutionGuid = {51AF16A3-2440-45CD-9B54-3AA5CFABF290}
	EndGlobalSection
EndGlobal
